
Microsoft Visual Studio Solution File, Format Version 12.00
# Visual Studio Version 17
VisualStudioVersion = 17.0.31903.59
MinimumVisualStudioVersion = 10.0.40219.1
Project("{FAE04EC0-301F-11D3-BF4B-00C04F79EFBC}") = "1_Variables", "1_variables\1_Variables.csproj", "{9A544E00-3A3E-45C2-B7BE-41932AA5A892}"
EndProject
Project("{FAE04EC0-301F-11D3-BF4B-00C04F79EFBC}") = "2_Condicionales", "2Condicionales\2_Condicionales.csproj", "{54E58032-6AB4-4F6F-84CF-239ABFB1405D}"
EndProject
Project("{FAE04EC0-301F-11D3-BF4B-00C04F79EFBC}") = "3_Bucles", "3Bucles\3_Bucles.csproj", "{71112CC7-B449-4113-BD3D-44F9C5D59931}"
EndProject
Project("{FAE04EC0-301F-11D3-BF4B-00C04F79EFBC}") = "4_Estructuras", "4_Estructuras\4_Estructuras.csproj", "{BD7A10C8-4E4B-4D4A-B8F4-CA370EFD4B4C}"
EndProject
Project("{FAE04EC0-301F-11D3-BF4B-00C04F79EFBC}") = "prueba_con_goto", "prueba_con_goto\prueba_con_goto.csproj", "{17BA8823-95B9-4CAC-B30A-F952C1AED33C}"
EndProject
Project("{FAE04EC0-301F-11D3-BF4B-00C04F79EFBC}") = "pruebas_con_arrays", "pruebas_con_arrays\pruebas_con_arrays.csproj", "{30182D80-E0FD-4A77-8A23-1AAA6EC9654C}"
EndProject
Global
	GlobalSection(SolutionConfigurationPlatforms) = preSolution
		Debug|Any CPU = Debug|Any CPU
		Debug|x64 = Debug|x64
		Debug|x86 = Debug|x86
		Release|Any CPU = Release|Any CPU
		Release|x64 = Release|x64
		Release|x86 = Release|x86
	EndGlobalSection
	GlobalSection(ProjectConfigurationPlatforms) = postSolution
		{9A544E00-3A3E-45C2-B7BE-41932AA5A892}.Debug|Any CPU.ActiveCfg = Debug|Any CPU
		{9A544E00-3A3E-45C2-B7BE-41932AA5A892}.Debug|Any CPU.Build.0 = Debug|Any CPU
		{9A544E00-3A3E-45C2-B7BE-41932AA5A892}.Debug|x64.ActiveCfg = Debug|Any CPU
		{9A544E00-3A3E-45C2-B7BE-41932AA5A892}.Debug|x64.Build.0 = Debug|Any CPU
		{9A544E00-3A3E-45C2-B7BE-41932AA5A892}.Debug|x86.ActiveCfg = Debug|Any CPU
		{9A544E00-3A3E-45C2-B7BE-41932AA5A892}.Debug|x86.Build.0 = Debug|Any CPU
		{9A544E00-3A3E-45C2-B7BE-41932AA5A892}.Release|Any CPU.ActiveCfg = Release|Any CPU
		{9A544E00-3A3E-45C2-B7BE-41932AA5A892}.Release|Any CPU.Build.0 = Release|Any CPU
		{9A544E00-3A3E-45C2-B7BE-41932AA5A892}.Release|x64.ActiveCfg = Release|Any CPU
		{9A544E00-3A3E-45C2-B7BE-41932AA5A892}.Release|x64.Build.0 = Release|Any CPU
		{9A544E00-3A3E-45C2-B7BE-41932AA5A892}.Release|x86.ActiveCfg = Release|Any CPU
		{9A544E00-3A3E-45C2-B7BE-41932AA5A892}.Release|x86.Build.0 = Release|Any CPU
		{54E58032-6AB4-4F6F-84CF-239ABFB1405D}.Debug|Any CPU.ActiveCfg = Debug|Any CPU
		{54E58032-6AB4-4F6F-84CF-239ABFB1405D}.Debug|Any CPU.Build.0 = Debug|Any CPU
		{54E58032-6AB4-4F6F-84CF-239ABFB1405D}.Debug|x64.ActiveCfg = Debug|Any CPU
		{54E58032-6AB4-4F6F-84CF-239ABFB1405D}.Debug|x64.Build.0 = Debug|Any CPU
		{54E58032-6AB4-4F6F-84CF-239ABFB1405D}.Debug|x86.ActiveCfg = Debug|Any CPU
		{54E58032-6AB4-4F6F-84CF-239ABFB1405D}.Debug|x86.Build.0 = Debug|Any CPU
		{54E58032-6AB4-4F6F-84CF-239ABFB1405D}.Release|Any CPU.ActiveCfg = Release|Any CPU
		{54E58032-6AB4-4F6F-84CF-239ABFB1405D}.Release|Any CPU.Build.0 = Release|Any CPU
		{54E58032-6AB4-4F6F-84CF-239ABFB1405D}.Release|x64.ActiveCfg = Release|Any CPU
		{54E58032-6AB4-4F6F-84CF-239ABFB1405D}.Release|x64.Build.0 = Release|Any CPU
		{54E58032-6AB4-4F6F-84CF-239ABFB1405D}.Release|x86.ActiveCfg = Release|Any CPU
		{54E58032-6AB4-4F6F-84CF-239ABFB1405D}.Release|x86.Build.0 = Release|Any CPU
		{71112CC7-B449-4113-BD3D-44F9C5D59931}.Debug|Any CPU.ActiveCfg = Debug|Any CPU
		{71112CC7-B449-4113-BD3D-44F9C5D59931}.Debug|Any CPU.Build.0 = Debug|Any CPU
		{71112CC7-B449-4113-BD3D-44F9C5D59931}.Debug|x64.ActiveCfg = Debug|Any CPU
		{71112CC7-B449-4113-BD3D-44F9C5D59931}.Debug|x64.Build.0 = Debug|Any CPU
		{71112CC7-B449-4113-BD3D-44F9C5D59931}.Debug|x86.ActiveCfg = Debug|Any CPU
		{71112CC7-B449-4113-BD3D-44F9C5D59931}.Debug|x86.Build.0 = Debug|Any CPU
		{71112CC7-B449-4113-BD3D-44F9C5D59931}.Release|Any CPU.ActiveCfg = Release|Any CPU
		{71112CC7-B449-4113-BD3D-44F9C5D59931}.Release|Any CPU.Build.0 = Release|Any CPU
		{71112CC7-B449-4113-BD3D-44F9C5D59931}.Release|x64.ActiveCfg = Release|Any CPU
		{71112CC7-B449-4113-BD3D-44F9C5D59931}.Release|x64.Build.0 = Release|Any CPU
		{71112CC7-B449-4113-BD3D-44F9C5D59931}.Release|x86.ActiveCfg = Release|Any CPU
		{71112CC7-B449-4113-BD3D-44F9C5D59931}.Release|x86.Build.0 = Release|Any CPU
		{BD7A10C8-4E4B-4D4A-B8F4-CA370EFD4B4C}.Debug|Any CPU.ActiveCfg = Debug|Any CPU
		{BD7A10C8-4E4B-4D4A-B8F4-CA370EFD4B4C}.Debug|Any CPU.Build.0 = Debug|Any CPU
		{BD7A10C8-4E4B-4D4A-B8F4-CA370EFD4B4C}.Debug|x64.ActiveCfg = Debug|Any CPU
		{BD7A10C8-4E4B-4D4A-B8F4-CA370EFD4B4C}.Debug|x64.Build.0 = Debug|Any CPU
		{BD7A10C8-4E4B-4D4A-B8F4-CA370EFD4B4C}.Debug|x86.ActiveCfg = Debug|Any CPU
		{BD7A10C8-4E4B-4D4A-B8F4-CA370EFD4B4C}.Debug|x86.Build.0 = Debug|Any CPU
		{BD7A10C8-4E4B-4D4A-B8F4-CA370EFD4B4C}.Release|Any CPU.ActiveCfg = Release|Any CPU
		{BD7A10C8-4E4B-4D4A-B8F4-CA370EFD4B4C}.Release|Any CPU.Build.0 = Release|Any CPU
		{BD7A10C8-4E4B-4D4A-B8F4-CA370EFD4B4C}.Release|x64.ActiveCfg = Release|Any CPU
		{BD7A10C8-4E4B-4D4A-B8F4-CA370EFD4B4C}.Release|x64.Build.0 = Release|Any CPU
		{BD7A10C8-4E4B-4D4A-B8F4-CA370EFD4B4C}.Release|x86.ActiveCfg = Release|Any CPU
		{BD7A10C8-4E4B-4D4A-B8F4-CA370EFD4B4C}.Release|x86.Build.0 = Release|Any CPU
		{17BA8823-95B9-4CAC-B30A-F952C1AED33C}.Debug|Any CPU.ActiveCfg = Debug|Any CPU
		{17BA8823-95B9-4CAC-B30A-F952C1AED33C}.Debug|Any CPU.Build.0 = Debug|Any CPU
		{17BA8823-95B9-4CAC-B30A-F952C1AED33C}.Debug|x64.ActiveCfg = Debug|Any CPU
		{17BA8823-95B9-4CAC-B30A-F952C1AED33C}.Debug|x64.Build.0 = Debug|Any CPU
		{17BA8823-95B9-4CAC-B30A-F952C1AED33C}.Debug|x86.ActiveCfg = Debug|Any CPU
		{17BA8823-95B9-4CAC-B30A-F952C1AED33C}.Debug|x86.Build.0 = Debug|Any CPU
		{17BA8823-95B9-4CAC-B30A-F952C1AED33C}.Release|Any CPU.ActiveCfg = Release|Any CPU
		{17BA8823-95B9-4CAC-B30A-F952C1AED33C}.Release|Any CPU.Build.0 = Release|Any CPU
		{17BA8823-95B9-4CAC-B30A-F952C1AED33C}.Release|x64.ActiveCfg = Release|Any CPU
		{17BA8823-95B9-4CAC-B30A-F952C1AED33C}.Release|x64.Build.0 = Release|Any CPU
		{17BA8823-95B9-4CAC-B30A-F952C1AED33C}.Release|x86.ActiveCfg = Release|Any CPU
		{17BA8823-95B9-4CAC-B30A-F952C1AED33C}.Release|x86.Build.0 = Release|Any CPU
		{30182D80-E0FD-4A77-8A23-1AAA6EC9654C}.Debug|Any CPU.ActiveCfg = Debug|Any CPU
		{30182D80-E0FD-4A77-8A23-1AAA6EC9654C}.Debug|Any CPU.Build.0 = Debug|Any CPU
		{30182D80-E0FD-4A77-8A23-1AAA6EC9654C}.Debug|x64.ActiveCfg = Debug|Any CPU
		{30182D80-E0FD-4A77-8A23-1AAA6EC9654C}.Debug|x64.Build.0 = Debug|Any CPU
		{30182D80-E0FD-4A77-8A23-1AAA6EC9654C}.Debug|x86.ActiveCfg = Debug|Any CPU
		{30182D80-E0FD-4A77-8A23-1AAA6EC9654C}.Debug|x86.Build.0 = Debug|Any CPU
		{30182D80-E0FD-4A77-8A23-1AAA6EC9654C}.Release|Any CPU.ActiveCfg = Release|Any CPU
		{30182D80-E0FD-4A77-8A23-1AAA6EC9654C}.Release|Any CPU.Build.0 = Release|Any CPU
		{30182D80-E0FD-4A77-8A23-1AAA6EC9654C}.Release|x64.ActiveCfg = Release|Any CPU
		{30182D80-E0FD-4A77-8A23-1AAA6EC9654C}.Release|x64.Build.0 = Release|Any CPU
		{30182D80-E0FD-4A77-8A23-1AAA6EC9654C}.Release|x86.ActiveCfg = Release|Any CPU
		{30182D80-E0FD-4A77-8A23-1AAA6EC9654C}.Release|x86.Build.0 = Release|Any CPU
	EndGlobalSection
	GlobalSection(SolutionProperties) = preSolution
		HideSolutionNode = FALSE
	EndGlobalSection
	GlobalSection(ExtensibilityGlobals) = postSolution
		SolutionGuid = {0D7081CF-28A5-4A2C-92F3-129A8D46F2EC}
	EndGlobalSection
EndGlobal
